{
  "name": "kuk",
  "version": "0.0.0",
  "lockfileVersion": 2,
  "requires": true,
  "packages": {
    "": {
      "name": "kuk",
      "version": "0.0.0",
      "license": "ISC",
      "dependencies": {
        "axios": "^0.21.1",
        "debounce": "^1.2.1",
        "dotenv": "^16.0.2",
        "exact-math": "^2.2.3",
        "node-kraken-api": "^2.2.2",
        "readline": "^1.3.0",
        "rxjs": "^7.5.6",
        "tty": "^1.0.1",
        "uuid": "^8.3.2",
        "ws": "^7.5.1"
      },
      "devDependencies": {
        "terminal-kit": "^3.0.0"
      }
    },
    "node_modules/@cronvel/get-pixels": {
      "version": "3.4.1",
      "resolved": "https://registry.npmjs.org/@cronvel/get-pixels/-/get-pixels-3.4.1.tgz",
      "integrity": "sha512-gB5C5nDIacLUdsMuW8YsM9SzK3vaFANe4J11CVXpovpy7bZUGrcJKmc6m/0gWG789pKr6XSZY2aEetjFvSRw5g==",
      "dev": true,
      "dependencies": {
        "jpeg-js": "^0.4.4",
        "ndarray": "^1.0.19",
        "ndarray-pack": "^1.1.1",
        "node-bitmap": "0.0.1",
        "omggif": "^1.0.10",
        "pngjs": "^6.0.0"
      }
    },
    "node_modules/axios": {
      "version": "0.21.1",
      "resolved": "https://registry.npmjs.org/axios/-/axios-0.21.1.tgz",
      "integrity": "sha512-dKQiRHxGD9PPRIUNIWvZhPTPpl1rf/OxTYKsqKUDjBwYylTvV7SjSHJb9ratfyzM6wCdLCOYLzs73qpg5c4iGA==",
      "dependencies": {
        "follow-redirects": "^1.10.0"
      }
    },
    "node_modules/base64-js": {
      "version": "1.5.1",
      "resolved": "https://registry.npmjs.org/base64-js/-/base64-js-1.5.1.tgz",
      "integrity": "sha512-AKpaYlHn8t4SVbOHCy+b5+KKgvR4vrsD8vbvrbiQJps7fKDTkjkDry6ji0rUJjC0kzbNePLwzxq8iypo41qeWA==",
      "funding": [
        {
          "type": "github",
          "url": "https://github.com/sponsors/feross"
        },
        {
          "type": "patreon",
          "url": "https://www.patreon.com/feross"
        },
        {
          "type": "consulting",
          "url": "https://feross.org/support"
        }
      ],
      "peer": true
    },
    "node_modules/buffer": {
      "version": "6.0.3",
      "resolved": "https://registry.npmjs.org/buffer/-/buffer-6.0.3.tgz",
      "integrity": "sha512-FTiCpNxtwiZZHEZbcbTIcZjERVICn9yq/pDFkTl95/AxzD1naBctN7YO68riM/gLSDY7sdrMby8hofADYuuqOA==",
      "funding": [
        {
          "type": "github",
          "url": "https://github.com/sponsors/feross"
        },
        {
          "type": "patreon",
          "url": "https://www.patreon.com/feross"
        },
        {
          "type": "consulting",
          "url": "https://feross.org/support"
        }
      ],
      "peer": true,
      "dependencies": {
        "base64-js": "^1.3.1",
        "ieee754": "^1.2.1"
      }
    },
    "node_modules/bufferutil": {
      "version": "4.0.6",
      "resolved": "https://registry.npmjs.org/bufferutil/-/bufferutil-4.0.6.tgz",
      "integrity": "sha512-jduaYOYtnio4aIAyc6UbvPCVcgq7nYpVnucyxr6eCYg/Woad9Hf/oxxBRDnGGjPfjUm6j5O/uBWhIu4iLebFaw==",
      "hasInstallScript": true,
      "optional": true,
      "dependencies": {
        "node-gyp-build": "^4.3.0"
      },
      "engines": {
        "node": ">=6.14.2"
      }
    },
    "node_modules/chroma-js": {
      "version": "2.4.2",
      "resolved": "https://registry.npmjs.org/chroma-js/-/chroma-js-2.4.2.tgz",
      "integrity": "sha512-U9eDw6+wt7V8z5NncY2jJfZa+hUH8XEj8FQHgFJTrUFnJfXYf4Ml4adI2vXZOjqRDpFWtYVWypDfZwnJ+HIR4A==",
      "dev": true
    },
    "node_modules/crc": {
      "version": "4.1.1",
      "resolved": "https://registry.npmjs.org/crc/-/crc-4.1.1.tgz",
      "integrity": "sha512-2U3ZqJ2phJl9ANuP2q5VS53LMpNmYU9vcpmh6nutJmsqUREhtWpTRh9yYxG7sDg3xkwaEEXytSeffTxw4cgwPg==",
      "engines": {
        "node": ">=12"
      },
      "peerDependencies": {
        "buffer": ">=6.0.3"
      }
    },
    "node_modules/cwise-compiler": {
      "version": "1.1.3",
      "resolved": "https://registry.npmjs.org/cwise-compiler/-/cwise-compiler-1.1.3.tgz",
      "integrity": "sha512-WXlK/m+Di8DMMcCjcWr4i+XzcQra9eCdXIJrgh4TUgh0pIS/yJduLxS9JgefsHJ/YVLdgPtXm9r62W92MvanEQ==",
      "dev": true,
      "dependencies": {
        "uniq": "^1.0.0"
      }
    },
    "node_modules/debounce": {
      "version": "1.2.1",
      "resolved": "https://registry.npmjs.org/debounce/-/debounce-1.2.1.tgz",
      "integrity": "sha512-XRRe6Glud4rd/ZGQfiV1ruXSfbvfJedlV9Y6zOlP+2K04vBYiJEte6stfFkCP03aMnY5tsipamumUjL14fofug=="
    },
    "node_modules/dotenv": {
      "version": "16.0.2",
      "resolved": "https://registry.npmjs.org/dotenv/-/dotenv-16.0.2.tgz",
      "integrity": "sha512-JvpYKUmzQhYoIFgK2MOnF3bciIZoItIIoryihy0rIA+H4Jy0FmgyKYAHCTN98P5ybGSJcIFbh6QKeJdtZd1qhA==",
      "engines": {
        "node": ">=12"
      }
    },
    "node_modules/exact-math": {
      "version": "2.2.3",
      "resolved": "https://registry.npmjs.org/exact-math/-/exact-math-2.2.3.tgz",
      "integrity": "sha512-ggSoWm3NUCXlSGvaXsU3l1hWJ9kdbI81tBgwDT/MrLGoN1Y7uX/QmJ6W5aoYGomd5hUWFaDGJdkXrTZdRd4RWw==",
      "dependencies": {
        "move-on": "^2.1.9",
        "of-type": "^3.0.4"
      }
    },
    "node_modules/follow-redirects": {
      "version": "1.14.1",
      "resolved": "https://registry.npmjs.org/follow-redirects/-/follow-redirects-1.14.1.tgz",
      "integrity": "sha512-HWqDgT7ZEkqRzBvc2s64vSZ/hfOceEol3ac/7tKwzuvEyWx3/4UegXh5oBOIotkGsObyk3xznnSRVADBgWSQVg==",
      "funding": [
        {
          "type": "individual",
          "url": "https://github.com/sponsors/RubenVerborgh"
        }
      ],
      "engines": {
        "node": ">=4.0"
      },
      "peerDependenciesMeta": {
        "debug": {
          "optional": true
        }
      }
    },
    "node_modules/ieee754": {
      "version": "1.2.1",
      "resolved": "https://registry.npmjs.org/ieee754/-/ieee754-1.2.1.tgz",
      "integrity": "sha512-dcyqhDvX1C46lXZcVqCpK+FtMRQVdIMN6/Df5js2zouUsqG7I6sFxitIC+7KYK29KdXOLHdu9zL4sFnoVQnqaA==",
      "funding": [
        {
          "type": "github",
          "url": "https://github.com/sponsors/feross"
        },
        {
          "type": "patreon",
          "url": "https://www.patreon.com/feross"
        },
        {
          "type": "consulting",
          "url": "https://feross.org/support"
        }
      ],
      "peer": true
    },
    "node_modules/iota-array": {
      "version": "1.0.0",
      "resolved": "https://registry.npmjs.org/iota-array/-/iota-array-1.0.0.tgz",
      "integrity": "sha512-pZ2xT+LOHckCatGQ3DcG/a+QuEqvoxqkiL7tvE8nn3uuu+f6i1TtpB5/FtWFbxUuVr5PZCx8KskuGatbJDXOWA==",
      "dev": true
    },
    "node_modules/is-buffer": {
      "version": "1.1.6",
      "resolved": "https://registry.npmjs.org/is-buffer/-/is-buffer-1.1.6.tgz",
      "integrity": "sha512-NcdALwpXkTm5Zvvbk7owOUSvVvBKDgKP5/ewfXEznmQFfs4ZRmanOeKBTjRVjka3QFoN6XJ+9F3USqfHqTaU5w==",
      "dev": true
    },
    "node_modules/jpeg-js": {
      "version": "0.4.4",
      "resolved": "https://registry.npmjs.org/jpeg-js/-/jpeg-js-0.4.4.tgz",
      "integrity": "sha512-WZzeDOEtTOBK4Mdsar0IqEU5sMr3vSV2RqkAIzUEV2BHnUfKGyswWFPFwK5EeDo93K3FohSHbLAjj0s1Wzd+dg==",
      "dev": true
    },
    "node_modules/lazyness": {
      "version": "1.2.0",
      "resolved": "https://registry.npmjs.org/lazyness/-/lazyness-1.2.0.tgz",
      "integrity": "sha512-KenL6EFbwxBwRxG93t0gcUyi0Nw0Ub31FJKN1laA4UscdkL1K1AxUd0gYZdcLU3v+x+wcFi4uQKS5hL+fk500g==",
      "dev": true,
      "engines": {
        "node": ">=6.0.0"
      }
    },
    "node_modules/move-on": {
      "version": "2.1.9",
      "resolved": "https://registry.npmjs.org/move-on/-/move-on-2.1.9.tgz",
      "integrity": "sha512-nHCaqAwIRgXdS5mN0Fjrg2UuykDObHgJtVRMUqUSwMEC8ruJG+jxidVqPaQAy7zhqDvelt0fnEWrz4VuatWEpg==",
      "dependencies": {
        "of-type": "^3.0.3",
        "typeof-arguments": "^5.1.2"
      }
    },
    "node_modules/ndarray": {
      "version": "1.0.19",
      "resolved": "https://registry.npmjs.org/ndarray/-/ndarray-1.0.19.tgz",
      "integrity": "sha512-B4JHA4vdyZU30ELBw3g7/p9bZupyew5a7tX1Y/gGeF2hafrPaQZhgrGQfsvgfYbgdFZjYwuEcnaobeM/WMW+HQ==",
      "dev": true,
      "dependencies": {
        "iota-array": "^1.0.0",
        "is-buffer": "^1.0.2"
      }
    },
    "node_modules/ndarray-pack": {
      "version": "1.2.1",
      "resolved": "https://registry.npmjs.org/ndarray-pack/-/ndarray-pack-1.2.1.tgz",
      "integrity": "sha512-51cECUJMT0rUZNQa09EoKsnFeDL4x2dHRT0VR5U2H5ZgEcm95ZDWcMA5JShroXjHOejmAD/fg8+H+OvUnVXz2g==",
      "dev": true,
      "dependencies": {
        "cwise-compiler": "^1.1.2",
        "ndarray": "^1.0.13"
      }
    },
    "node_modules/nextgen-events": {
      "version": "1.5.3",
      "resolved": "https://registry.npmjs.org/nextgen-events/-/nextgen-events-1.5.3.tgz",
      "integrity": "sha512-P6qw6kenNXP+J9XlKJNi/MNHUQ+Lx5K8FEcSfX7/w8KJdZan5+BB5MKzuNgL2RTjHG1Svg8SehfseVEp8zAqwA==",
      "dev": true,
      "engines": {
        "node": ">=6.0.0"
      }
    },
    "node_modules/node-bitmap": {
      "version": "0.0.1",
      "resolved": "https://registry.npmjs.org/node-bitmap/-/node-bitmap-0.0.1.tgz",
      "integrity": "sha512-Jx5lPaaLdIaOsj2mVLWMWulXF6GQVdyLvNSxmiYCvZ8Ma2hfKX0POoR2kgKOqz+oFsRreq0yYZjQ2wjE9VNzCA==",
      "dev": true,
      "engines": {
        "node": ">=v0.6.5"
      }
    },
    "node_modules/node-gyp-build": {
      "version": "4.4.0",
      "resolved": "https://registry.npmjs.org/node-gyp-build/-/node-gyp-build-4.4.0.tgz",
      "integrity": "sha512-amJnQCcgtRVw9SvoebO3BKGESClrfXGCUTX9hSn1OuGQTQBOZmVd0Z0OlecpuRksKvbsUqALE8jls/ErClAPuQ==",
      "optional": true,
      "bin": {
        "node-gyp-build": "bin.js",
        "node-gyp-build-optional": "optional.js",
        "node-gyp-build-test": "build-test.js"
      }
    },
    "node_modules/node-kraken-api": {
      "version": "2.2.2",
      "resolved": "https://registry.npmjs.org/node-kraken-api/-/node-kraken-api-2.2.2.tgz",
      "integrity": "sha512-f+BZpgT1gD9705hlsRDDGj9m96Psb0Gxu3Td/P2fs0/gFy58YQONrTPiqfYzOBxvpmYnuAMxCRuRmdmkw04eRw==",
      "dependencies": {
        "crc": "^4.1.0",
        "ts-ev": "^0.4.0",
        "ws": "^8.5.0"
      },
      "engines": {
        "node": ">=10.0.0"
      },
      "optionalDependencies": {
        "bufferutil": "^4.0.6",
        "utf-8-validate": "^5.0.9"
      }
    },
    "node_modules/node-kraken-api/node_modules/ws": {
      "version": "8.8.0",
      "resolved": "https://registry.npmjs.org/ws/-/ws-8.8.0.tgz",
      "integrity": "sha512-JDAgSYQ1ksuwqfChJusw1LSJ8BizJ2e/vVu5Lxjq3YvNJNlROv1ui4i+c/kUUrPheBvQl4c5UbERhTwKa6QBJQ==",
      "engines": {
        "node": ">=10.0.0"
      },
      "peerDependencies": {
        "bufferutil": "^4.0.1",
        "utf-8-validate": "^5.0.2"
      },
      "peerDependenciesMeta": {
        "bufferutil": {
          "optional": true
        },
        "utf-8-validate": {
          "optional": true
        }
      }
    },
    "node_modules/of-type": {
      "version": "3.0.4",
      "resolved": "https://registry.npmjs.org/of-type/-/of-type-3.0.4.tgz",
      "integrity": "sha512-xPRrHy1QYTHnGaNDYIHvaVS2J5pimc3OAcjYamYJ6YbE4dirt2elfI+r5888AQj+M+gqmBIH3+x6tlnYeJMvHw=="
    },
    "node_modules/omggif": {
      "version": "1.0.10",
      "resolved": "https://registry.npmjs.org/omggif/-/omggif-1.0.10.tgz",
      "integrity": "sha512-LMJTtvgc/nugXj0Vcrrs68Mn2D1r0zf630VNtqtpI1FEO7e+O9FP4gqs9AcnBaSEeoHIPm28u6qgPR0oyEpGSw==",
      "dev": true
    },
    "node_modules/pngjs": {
      "version": "6.0.0",
      "resolved": "https://registry.npmjs.org/pngjs/-/pngjs-6.0.0.tgz",
      "integrity": "sha512-TRzzuFRRmEoSW/p1KVAmiOgPco2Irlah+bGFCeNfJXxxYGwSw7YwAOAcd7X28K/m5bjBWKsC29KyoMfHbypayg==",
      "dev": true,
      "engines": {
        "node": ">=12.13.0"
      }
    },
    "node_modules/readline": {
      "version": "1.3.0",
      "resolved": "https://registry.npmjs.org/readline/-/readline-1.3.0.tgz",
      "integrity": "sha512-k2d6ACCkiNYz222Fs/iNze30rRJ1iIicW7JuX/7/cozvih6YCkFZH+J6mAFDVgv0dRBaAyr4jDqC95R2y4IADg=="
    },
    "node_modules/rxjs": {
      "version": "7.5.6",
      "resolved": "https://registry.npmjs.org/rxjs/-/rxjs-7.5.6.tgz",
      "integrity": "sha512-dnyv2/YsXhnm461G+R/Pe5bWP41Nm6LBXEYWI6eiFP4fiwx6WRI/CD0zbdVAudd9xwLEF2IDcKXLHit0FYjUzw==",
      "dependencies": {
        "tslib": "^2.1.0"
      }
    },
    "node_modules/setimmediate": {
      "version": "1.0.5",
      "resolved": "https://registry.npmjs.org/setimmediate/-/setimmediate-1.0.5.tgz",
      "integrity": "sha512-MATJdZp8sLqDl/68LfQmbP8zKPLQNV6BIZoIgrscFDQ+RsvK/BxeDQOgyxKKoh0y/8h3BqVFnCqQ/gd+reiIXA==",
      "dev": true
    },
    "node_modules/seventh": {
      "version": "0.8.1",
      "resolved": "https://registry.npmjs.org/seventh/-/seventh-0.8.1.tgz",
      "integrity": "sha512-houkkIUA97+aLqTAfgzEAIHfPkjKaJXek7zESTrMs+eFfsHvUjzrjxEstZiFTGKwOR+VJQ4p+/AlWwObcDE+xQ==",
      "dev": true,
      "dependencies": {
        "setimmediate": "^1.0.5"
      },
      "engines": {
        "node": ">=16.13.0"
      }
    },
    "node_modules/string-kit": {
      "version": "0.17.6",
      "resolved": "https://registry.npmjs.org/string-kit/-/string-kit-0.17.6.tgz",
      "integrity": "sha512-o3ivC9/8proGcnA5Janz3DBqpG9lEV6e8wXviPLy8RKHgqaBbRDpU0jpFUa6caarMFhgJZIom+jrjYWMplJkmw==",
      "dev": true,
      "engines": {
        "node": ">=14.15.0"
      }
    },
    "node_modules/terminal-kit": {
      "version": "3.0.0",
      "resolved": "https://registry.npmjs.org/terminal-kit/-/terminal-kit-3.0.0.tgz",
      "integrity": "sha512-GSJGYF0+hoFylKJXmq0ntE42b4S7zUkxFpf7FqHGwKFPCNeGkuv3jV0tmGquZkmfh5mYb/B2xoPJiP40mJsQrg==",
      "dev": true,
      "dependencies": {
        "@cronvel/get-pixels": "^3.4.1",
        "chroma-js": "^2.4.2",
        "lazyness": "^1.2.0",
        "ndarray": "^1.0.19",
        "nextgen-events": "^1.5.3",
        "seventh": "^0.8.1",
        "string-kit": "^0.17.6",
        "tree-kit": "^0.7.4"
      },
      "engines": {
        "node": ">=16.13.0"
      }
    },
    "node_modules/tree-kit": {
      "version": "0.7.4",
      "resolved": "https://registry.npmjs.org/tree-kit/-/tree-kit-0.7.4.tgz",
      "integrity": "sha512-Of3tPmVs3b6BhzyUJ7t0olisf47kYr9qAm0XaUpURMjdBn6TwiVaaMuTFoKkkvPGojd9trKAHlrGGcGKcdR1DA==",
      "dev": true
    },
    "node_modules/ts-ev": {
      "version": "0.4.0",
      "resolved": "https://registry.npmjs.org/ts-ev/-/ts-ev-0.4.0.tgz",
      "integrity": "sha512-rLX6QdkC1/jA9sS4y9/DxHABTcOussp33J90h+TxHmya9CWvbGc9uLqdM4c/N4pNRmSdtq9zqhz7sB9KcN1NFQ==",
      "engines": {
        "node": ">=10.0.0"
      }
    },
    "node_modules/tslib": {
      "version": "2.4.0",
      "resolved": "https://registry.npmjs.org/tslib/-/tslib-2.4.0.tgz",
      "integrity": "sha512-d6xOpEDfsi2CZVlPQzGeux8XMwLT9hssAsaPYExaQMuYskwb+x1x7J371tWlbBdWHroy99KnVB6qIkUbs5X3UQ=="
    },
    "node_modules/tty": {
      "version": "1.0.1",
      "resolved": "https://registry.npmjs.org/tty/-/tty-1.0.1.tgz",
      "integrity": "sha1-5ECayYsN0cULWf846G6sPwdk7kU="
    },
    "node_modules/typeof-arguments": {
      "version": "5.1.3",
      "resolved": "https://registry.npmjs.org/typeof-arguments/-/typeof-arguments-5.1.3.tgz",
      "integrity": "sha512-7whUbYkiTfdYYtx8v4e/9MhTTynsIkF3ICIG0rZlNrnt3Y8/716zABl3k/HifNjwUq8WljuDCWqGkrAwocNIKQ==",
      "dependencies": {
        "of-type": "^3.0.3"
      }
    },
    "node_modules/uniq": {
      "version": "1.0.1",
      "resolved": "https://registry.npmjs.org/uniq/-/uniq-1.0.1.tgz",
      "integrity": "sha512-Gw+zz50YNKPDKXs+9d+aKAjVwpjNwqzvNpLigIruT4HA9lMZNdMqs9x07kKHB/L9WRzqp4+DlTU5s4wG2esdoA==",
      "dev": true
    },
    "node_modules/utf-8-validate": {
      "version": "5.0.9",
      "resolved": "https://registry.npmjs.org/utf-8-validate/-/utf-8-validate-5.0.9.tgz",
      "integrity": "sha512-Yek7dAy0v3Kl0orwMlvi7TPtiCNrdfHNd7Gcc/pLq4BLXqfAmd0J7OWMizUQnTTJsyjKn02mU7anqwfmUP4J8Q==",
      "hasInstallScript": true,
      "optional": true,
      "dependencies": {
        "node-gyp-build": "^4.3.0"
      },
      "engines": {
        "node": ">=6.14.2"
      }
    },
    "node_modules/uuid": {
      "version": "8.3.2",
      "resolved": "https://registry.npmjs.org/uuid/-/uuid-8.3.2.tgz",
      "integrity": "sha512-+NYs2QeMWy+GWFOEm9xnn6HCDp0l7QBD7ml8zLUmJ+93Q5NF0NocErnwkTkXVFNiX3/fpC6afS8Dhb/gz7R7eg==",
      "bin": {
        "uuid": "dist/bin/uuid"
      }
    },
    "node_modules/ws": {
      "version": "7.5.1",
      "resolved": "https://registry.npmjs.org/ws/-/ws-7.5.1.tgz",
      "integrity": "sha512-2c6faOUH/nhoQN6abwMloF7Iyl0ZS2E9HGtsiLrWn0zOOMWlhtDmdf/uihDt6jnuCxgtwGBNy6Onsoy2s2O2Ow==",
      "engines": {
        "node": ">=8.3.0"
      },
      "peerDependencies": {
        "bufferutil": "^4.0.1",
        "utf-8-validate": "^5.0.2"
      },
      "peerDependenciesMeta": {
        "bufferutil": {
          "optional": true
        },
        "utf-8-validate": {
          "optional": true
        }
      }
    }
  },
  "dependencies": {
    "@cronvel/get-pixels": {
      "version": "3.4.1",
      "resolved": "https://registry.npmjs.org/@cronvel/get-pixels/-/get-pixels-3.4.1.tgz",
      "integrity": "sha512-gB5C5nDIacLUdsMuW8YsM9SzK3vaFANe4J11CVXpovpy7bZUGrcJKmc6m/0gWG789pKr6XSZY2aEetjFvSRw5g==",
      "dev": true,
      "requires": {
        "jpeg-js": "^0.4.4",
        "ndarray": "^1.0.19",
        "ndarray-pack": "^1.1.1",
        "node-bitmap": "0.0.1",
        "omggif": "^1.0.10",
        "pngjs": "^6.0.0"
      }
    },
    "axios": {
      "version": "0.21.1",
      "resolved": "https://registry.npmjs.org/axios/-/axios-0.21.1.tgz",
      "integrity": "sha512-dKQiRHxGD9PPRIUNIWvZhPTPpl1rf/OxTYKsqKUDjBwYylTvV7SjSHJb9ratfyzM6wCdLCOYLzs73qpg5c4iGA==",
      "requires": {
        "follow-redirects": "^1.10.0"
      }
    },
    "base64-js": {
      "version": "1.5.1",
      "resolved": "https://registry.npmjs.org/base64-js/-/base64-js-1.5.1.tgz",
      "integrity": "sha512-AKpaYlHn8t4SVbOHCy+b5+KKgvR4vrsD8vbvrbiQJps7fKDTkjkDry6ji0rUJjC0kzbNePLwzxq8iypo41qeWA==",
      "peer": true
    },
    "buffer": {
      "version": "6.0.3",
      "resolved": "https://registry.npmjs.org/buffer/-/buffer-6.0.3.tgz",
      "integrity": "sha512-FTiCpNxtwiZZHEZbcbTIcZjERVICn9yq/pDFkTl95/AxzD1naBctN7YO68riM/gLSDY7sdrMby8hofADYuuqOA==",
      "peer": true,
      "requires": {
        "base64-js": "^1.3.1",
        "ieee754": "^1.2.1"
      }
    },
    "bufferutil": {
      "version": "4.0.6",
      "resolved": "https://registry.npmjs.org/bufferutil/-/bufferutil-4.0.6.tgz",
      "integrity": "sha512-jduaYOYtnio4aIAyc6UbvPCVcgq7nYpVnucyxr6eCYg/Woad9Hf/oxxBRDnGGjPfjUm6j5O/uBWhIu4iLebFaw==",
      "optional": true,
      "requires": {
        "node-gyp-build": "^4.3.0"
      }
    },
    "chroma-js": {
      "version": "2.4.2",
      "resolved": "https://registry.npmjs.org/chroma-js/-/chroma-js-2.4.2.tgz",
      "integrity": "sha512-U9eDw6+wt7V8z5NncY2jJfZa+hUH8XEj8FQHgFJTrUFnJfXYf4Ml4adI2vXZOjqRDpFWtYVWypDfZwnJ+HIR4A==",
      "dev": true
    },
    "crc": {
      "version": "4.1.1",
      "resolved": "https://registry.npmjs.org/crc/-/crc-4.1.1.tgz",
      "integrity": "sha512-2U3ZqJ2phJl9ANuP2q5VS53LMpNmYU9vcpmh6nutJmsqUREhtWpTRh9yYxG7sDg3xkwaEEXytSeffTxw4cgwPg==",
      "requires": {}
    },
    "cwise-compiler": {
      "version": "1.1.3",
      "resolved": "https://registry.npmjs.org/cwise-compiler/-/cwise-compiler-1.1.3.tgz",
      "integrity": "sha512-WXlK/m+Di8DMMcCjcWr4i+XzcQra9eCdXIJrgh4TUgh0pIS/yJduLxS9JgefsHJ/YVLdgPtXm9r62W92MvanEQ==",
      "dev": true,
      "requires": {
        "uniq": "^1.0.0"
      }
    },
    "debounce": {
      "version": "1.2.1",
      "resolved": "https://registry.npmjs.org/debounce/-/debounce-1.2.1.tgz",
      "integrity": "sha512-XRRe6Glud4rd/ZGQfiV1ruXSfbvfJedlV9Y6zOlP+2K04vBYiJEte6stfFkCP03aMnY5tsipamumUjL14fofug=="
    },
    "dotenv": {
      "version": "16.0.2",
      "resolved": "https://registry.npmjs.org/dotenv/-/dotenv-16.0.2.tgz",
      "integrity": "sha512-JvpYKUmzQhYoIFgK2MOnF3bciIZoItIIoryihy0rIA+H4Jy0FmgyKYAHCTN98P5ybGSJcIFbh6QKeJdtZd1qhA=="
    },
    "exact-math": {
      "version": "2.2.3",
      "resolved": "https://registry.npmjs.org/exact-math/-/exact-math-2.2.3.tgz",
      "integrity": "sha512-ggSoWm3NUCXlSGvaXsU3l1hWJ9kdbI81tBgwDT/MrLGoN1Y7uX/QmJ6W5aoYGomd5hUWFaDGJdkXrTZdRd4RWw==",
      "requires": {
        "move-on": "^2.1.9",
        "of-type": "^3.0.4"
      }
    },
    "follow-redirects": {
      "version": "1.14.1",
      "resolved": "https://registry.npmjs.org/follow-redirects/-/follow-redirects-1.14.1.tgz",
      "integrity": "sha512-HWqDgT7ZEkqRzBvc2s64vSZ/hfOceEol3ac/7tKwzuvEyWx3/4UegXh5oBOIotkGsObyk3xznnSRVADBgWSQVg=="
    },
    "ieee754": {
      "version": "1.2.1",
      "resolved": "https://registry.npmjs.org/ieee754/-/ieee754-1.2.1.tgz",
      "integrity": "sha512-dcyqhDvX1C46lXZcVqCpK+FtMRQVdIMN6/Df5js2zouUsqG7I6sFxitIC+7KYK29KdXOLHdu9zL4sFnoVQnqaA==",
      "peer": true
    },
    "iota-array": {
      "version": "1.0.0",
      "resolved": "https://registry.npmjs.org/iota-array/-/iota-array-1.0.0.tgz",
      "integrity": "sha512-pZ2xT+LOHckCatGQ3DcG/a+QuEqvoxqkiL7tvE8nn3uuu+f6i1TtpB5/FtWFbxUuVr5PZCx8KskuGatbJDXOWA==",
      "dev": true
    },
    "is-buffer": {
      "version": "1.1.6",
      "resolved": "https://registry.npmjs.org/is-buffer/-/is-buffer-1.1.6.tgz",
      "integrity": "sha512-NcdALwpXkTm5Zvvbk7owOUSvVvBKDgKP5/ewfXEznmQFfs4ZRmanOeKBTjRVjka3QFoN6XJ+9F3USqfHqTaU5w==",
      "dev": true
    },
    "jpeg-js": {
      "version": "0.4.4",
      "resolved": "https://registry.npmjs.org/jpeg-js/-/jpeg-js-0.4.4.tgz",
      "integrity": "sha512-WZzeDOEtTOBK4Mdsar0IqEU5sMr3vSV2RqkAIzUEV2BHnUfKGyswWFPFwK5EeDo93K3FohSHbLAjj0s1Wzd+dg==",
      "dev": true
    },
    "lazyness": {
      "version": "1.2.0",
      "resolved": "https://registry.npmjs.org/lazyness/-/lazyness-1.2.0.tgz",
      "integrity": "sha512-KenL6EFbwxBwRxG93t0gcUyi0Nw0Ub31FJKN1laA4UscdkL1K1AxUd0gYZdcLU3v+x+wcFi4uQKS5hL+fk500g==",
      "dev": true
    },
    "move-on": {
      "version": "2.1.9",
      "resolved": "https://registry.npmjs.org/move-on/-/move-on-2.1.9.tgz",
      "integrity": "sha512-nHCaqAwIRgXdS5mN0Fjrg2UuykDObHgJtVRMUqUSwMEC8ruJG+jxidVqPaQAy7zhqDvelt0fnEWrz4VuatWEpg==",
      "requires": {
        "of-type": "^3.0.3",
        "typeof-arguments": "^5.1.2"
      }
    },
    "ndarray": {
      "version": "1.0.19",
      "resolved": "https://registry.npmjs.org/ndarray/-/ndarray-1.0.19.tgz",
      "integrity": "sha512-B4JHA4vdyZU30ELBw3g7/p9bZupyew5a7tX1Y/gGeF2hafrPaQZhgrGQfsvgfYbgdFZjYwuEcnaobeM/WMW+HQ==",
      "dev": true,
      "requires": {
        "iota-array": "^1.0.0",
        "is-buffer": "^1.0.2"
      }
    },
    "ndarray-pack": {
      "version": "1.2.1",
      "resolved": "https://registry.npmjs.org/ndarray-pack/-/ndarray-pack-1.2.1.tgz",
      "integrity": "sha512-51cECUJMT0rUZNQa09EoKsnFeDL4x2dHRT0VR5U2H5ZgEcm95ZDWcMA5JShroXjHOejmAD/fg8+H+OvUnVXz2g==",
      "dev": true,
      "requires": {
        "cwise-compiler": "^1.1.2",
        "ndarray": "^1.0.13"
      }
    },
    "nextgen-events": {
      "version": "1.5.3",
      "resolved": "https://registry.npmjs.org/nextgen-events/-/nextgen-events-1.5.3.tgz",
      "integrity": "sha512-P6qw6kenNXP+J9XlKJNi/MNHUQ+Lx5K8FEcSfX7/w8KJdZan5+BB5MKzuNgL2RTjHG1Svg8SehfseVEp8zAqwA==",
      "dev": true
    },
    "node-bitmap": {
      "version": "0.0.1",
      "resolved": "https://registry.npmjs.org/node-bitmap/-/node-bitmap-0.0.1.tgz",
      "integrity": "sha512-Jx5lPaaLdIaOsj2mVLWMWulXF6GQVdyLvNSxmiYCvZ8Ma2hfKX0POoR2kgKOqz+oFsRreq0yYZjQ2wjE9VNzCA==",
      "dev": true
    },
    "node-gyp-build": {
      "version": "4.4.0",
      "resolved": "https://registry.npmjs.org/node-gyp-build/-/node-gyp-build-4.4.0.tgz",
      "integrity": "sha512-amJnQCcgtRVw9SvoebO3BKGESClrfXGCUTX9hSn1OuGQTQBOZmVd0Z0OlecpuRksKvbsUqALE8jls/ErClAPuQ==",
      "optional": true
    },
    "node-kraken-api": {
      "version": "2.2.2",
      "resolved": "https://registry.npmjs.org/node-kraken-api/-/node-kraken-api-2.2.2.tgz",
      "integrity": "sha512-f+BZpgT1gD9705hlsRDDGj9m96Psb0Gxu3Td/P2fs0/gFy58YQONrTPiqfYzOBxvpmYnuAMxCRuRmdmkw04eRw==",
      "requires": {
        "bufferutil": "^4.0.6",
        "crc": "^4.1.0",
        "ts-ev": "^0.4.0",
        "utf-8-validate": "^5.0.9",
        "ws": "^8.5.0"
      },
      "dependencies": {
        "ws": {
          "version": "8.8.0",
          "resolved": "https://registry.npmjs.org/ws/-/ws-8.8.0.tgz",
          "integrity": "sha512-JDAgSYQ1ksuwqfChJusw1LSJ8BizJ2e/vVu5Lxjq3YvNJNlROv1ui4i+c/kUUrPheBvQl4c5UbERhTwKa6QBJQ==",
          "requires": {}
        }
      }
    },
    "of-type": {
      "version": "3.0.4",
      "resolved": "https://registry.npmjs.org/of-type/-/of-type-3.0.4.tgz",
      "integrity": "sha512-xPRrHy1QYTHnGaNDYIHvaVS2J5pimc3OAcjYamYJ6YbE4dirt2elfI+r5888AQj+M+gqmBIH3+x6tlnYeJMvHw=="
    },
    "omggif": {
      "version": "1.0.10",
      "resolved": "https://registry.npmjs.org/omggif/-/omggif-1.0.10.tgz",
      "integrity": "sha512-LMJTtvgc/nugXj0Vcrrs68Mn2D1r0zf630VNtqtpI1FEO7e+O9FP4gqs9AcnBaSEeoHIPm28u6qgPR0oyEpGSw==",
      "dev": true
    },
    "pngjs": {
      "version": "6.0.0",
      "resolved": "https://registry.npmjs.org/pngjs/-/pngjs-6.0.0.tgz",
      "integrity": "sha512-TRzzuFRRmEoSW/p1KVAmiOgPco2Irlah+bGFCeNfJXxxYGwSw7YwAOAcd7X28K/m5bjBWKsC29KyoMfHbypayg==",
      "dev": true
    },
    "readline": {
      "version": "1.3.0",
      "resolved": "https://registry.npmjs.org/readline/-/readline-1.3.0.tgz",
      "integrity": "sha512-k2d6ACCkiNYz222Fs/iNze30rRJ1iIicW7JuX/7/cozvih6YCkFZH+J6mAFDVgv0dRBaAyr4jDqC95R2y4IADg=="
    },
    "rxjs": {
      "version": "7.5.6",
      "resolved": "https://registry.npmjs.org/rxjs/-/rxjs-7.5.6.tgz",
      "integrity": "sha512-dnyv2/YsXhnm461G+R/Pe5bWP41Nm6LBXEYWI6eiFP4fiwx6WRI/CD0zbdVAudd9xwLEF2IDcKXLHit0FYjUzw==",
      "requires": {
        "tslib": "^2.1.0"
      }
    },
    "setimmediate": {
      "version": "1.0.5",
      "resolved": "https://registry.npmjs.org/setimmediate/-/setimmediate-1.0.5.tgz",
      "integrity": "sha512-MATJdZp8sLqDl/68LfQmbP8zKPLQNV6BIZoIgrscFDQ+RsvK/BxeDQOgyxKKoh0y/8h3BqVFnCqQ/gd+reiIXA==",
      "dev": true
    },
    "seventh": {
      "version": "0.8.1",
      "resolved": "https://registry.npmjs.org/seventh/-/seventh-0.8.1.tgz",
      "integrity": "sha512-houkkIUA97+aLqTAfgzEAIHfPkjKaJXek7zESTrMs+eFfsHvUjzrjxEstZiFTGKwOR+VJQ4p+/AlWwObcDE+xQ==",
      "dev": true,
      "requires": {
        "setimmediate": "^1.0.5"
      }
    },
    "string-kit": {
      "version": "0.17.6",
      "resolved": "https://registry.npmjs.org/string-kit/-/string-kit-0.17.6.tgz",
      "integrity": "sha512-o3ivC9/8proGcnA5Janz3DBqpG9lEV6e8wXviPLy8RKHgqaBbRDpU0jpFUa6caarMFhgJZIom+jrjYWMplJkmw==",
      "dev": true
    },
    "terminal-kit": {
      "version": "3.0.0",
      "resolved": "https://registry.npmjs.org/terminal-kit/-/terminal-kit-3.0.0.tgz",
      "integrity": "sha512-GSJGYF0+hoFylKJXmq0ntE42b4S7zUkxFpf7FqHGwKFPCNeGkuv3jV0tmGquZkmfh5mYb/B2xoPJiP40mJsQrg==",
      "dev": true,
      "requires": {
        "@cronvel/get-pixels": "^3.4.1",
        "chroma-js": "^2.4.2",
        "lazyness": "^1.2.0",
        "ndarray": "^1.0.19",
        "nextgen-events": "^1.5.3",
        "seventh": "^0.8.1",
        "string-kit": "^0.17.6",
        "tree-kit": "^0.7.4"
      }
    },
    "tree-kit": {
      "version": "0.7.4",
      "resolved": "https://registry.npmjs.org/tree-kit/-/tree-kit-0.7.4.tgz",
      "integrity": "sha512-Of3tPmVs3b6BhzyUJ7t0olisf47kYr9qAm0XaUpURMjdBn6TwiVaaMuTFoKkkvPGojd9trKAHlrGGcGKcdR1DA==",
      "dev": true
    },
    "ts-ev": {
      "version": "0.4.0",
      "resolved": "https://registry.npmjs.org/ts-ev/-/ts-ev-0.4.0.tgz",
      "integrity": "sha512-rLX6QdkC1/jA9sS4y9/DxHABTcOussp33J90h+TxHmya9CWvbGc9uLqdM4c/N4pNRmSdtq9zqhz7sB9KcN1NFQ=="
    },
    "tslib": {
      "version": "2.4.0",
      "resolved": "https://registry.npmjs.org/tslib/-/tslib-2.4.0.tgz",
      "integrity": "sha512-d6xOpEDfsi2CZVlPQzGeux8XMwLT9hssAsaPYExaQMuYskwb+x1x7J371tWlbBdWHroy99KnVB6qIkUbs5X3UQ=="
    },
    "tty": {
      "version": "1.0.1",
      "resolved": "https://registry.npmjs.org/tty/-/tty-1.0.1.tgz",
      "integrity": "sha1-5ECayYsN0cULWf846G6sPwdk7kU="
    },
    "typeof-arguments": {
      "version": "5.1.3",
      "resolved": "https://registry.npmjs.org/typeof-arguments/-/typeof-arguments-5.1.3.tgz",
      "integrity": "sha512-7whUbYkiTfdYYtx8v4e/9MhTTynsIkF3ICIG0rZlNrnt3Y8/716zABl3k/HifNjwUq8WljuDCWqGkrAwocNIKQ==",
      "requires": {
        "of-type": "^3.0.3"
      }
    },
    "uniq": {
      "version": "1.0.1",
      "resolved": "https://registry.npmjs.org/uniq/-/uniq-1.0.1.tgz",
      "integrity": "sha512-Gw+zz50YNKPDKXs+9d+aKAjVwpjNwqzvNpLigIruT4HA9lMZNdMqs9x07kKHB/L9WRzqp4+DlTU5s4wG2esdoA==",
      "dev": true
    },
    "utf-8-validate": {
      "version": "5.0.9",
      "resolved": "https://registry.npmjs.org/utf-8-validate/-/utf-8-validate-5.0.9.tgz",
      "integrity": "sha512-Yek7dAy0v3Kl0orwMlvi7TPtiCNrdfHNd7Gcc/pLq4BLXqfAmd0J7OWMizUQnTTJsyjKn02mU7anqwfmUP4J8Q==",
      "optional": true,
      "requires": {
        "node-gyp-build": "^4.3.0"
      }
    },
    "uuid": {
      "version": "8.3.2",
      "resolved": "https://registry.npmjs.org/uuid/-/uuid-8.3.2.tgz",
      "integrity": "sha512-+NYs2QeMWy+GWFOEm9xnn6HCDp0l7QBD7ml8zLUmJ+93Q5NF0NocErnwkTkXVFNiX3/fpC6afS8Dhb/gz7R7eg=="
    },
    "ws": {
      "version": "7.5.1",
      "resolved": "https://registry.npmjs.org/ws/-/ws-7.5.1.tgz",
      "integrity": "sha512-2c6faOUH/nhoQN6abwMloF7Iyl0ZS2E9HGtsiLrWn0zOOMWlhtDmdf/uihDt6jnuCxgtwGBNy6Onsoy2s2O2Ow==",
      "requires": {}
    }
  }
}
